
Microsoft Visual Studio Solution File, Format Version 12.00
# Visual Studio Version 17
VisualStudioVersion = 17.5.002.0
MinimumVisualStudioVersion = 10.0.40219.1
Project("{9A19103F-16F7-4668-BE54-9A1E7A4F7556}") = "Estudo 1 - Tipagem", "Estudo 1 - Tipagem\Estudo 1 - Tipagem.csproj", "{4CE33A53-FAEE-4C05-89C0-4112623BFDAB}"
EndProject
Global
	GlobalSection(SolutionConfigurationPlatforms) = preSolution
		Debug|Any CPU = Debug|Any CPU
		Release|Any CPU = Release|Any CPU
	EndGlobalSection
	GlobalSection(ProjectConfigurationPlatforms) = postSolution
		{4CE33A53-FAEE-4C05-89C0-4112623BFDAB}.Debug|Any CPU.ActiveCfg = Debug|Any CPU
		{4CE33A53-FAEE-4C05-89C0-4112623BFDAB}.Debug|Any CPU.Build.0 = Debug|Any CPU
		{4CE33A53-FAEE-4C05-89C0-4112623BFDAB}.Release|Any CPU.ActiveCfg = Release|Any CPU
		{4CE33A53-FAEE-4C05-89C0-4112623BFDAB}.Release|Any CPU.Build.0 = Release|Any CPU
	EndGlobalSection
	GlobalSection(SolutionProperties) = preSolution
		HideSolutionNode = FALSE
	EndGlobalSection
	GlobalSection(ExtensibilityGlobals) = postSolution
		SolutionGuid = {F2CC4906-09D0-4589-A34A-92C1C4AB71F9}
	EndGlobalSection
EndGlobal
